{
  "name": "PDS-Grupo5",
  "lockfileVersion": 2,
  "requires": true,
  "packages": {
    "": {
      "dependencies": {
        "@fontsource/reem-kufi": "^5.0.8"
      }
    },
    "node_modules/@fontsource/reem-kufi": {
      "version": "5.0.8",
      "resolved": "https://registry.npmjs.org/@fontsource/reem-kufi/-/reem-kufi-5.0.8.tgz",
      "integrity": "sha512-FkItfVjMZ+AVsrBGInAOrWAgOLyNjkhzRCEsOyKEJdsJTksPWGx+a5FRmMi078A1p+uQhRz07VSkRffxdfIVjw=="
    }
  },
  "dependencies": {
    "@fontsource/reem-kufi": {
      "version": "5.0.8",
      "resolved": "https://registry.npmjs.org/@fontsource/reem-kufi/-/reem-kufi-5.0.8.tgz",
      "integrity": "sha512-FkItfVjMZ+AVsrBGInAOrWAgOLyNjkhzRCEsOyKEJdsJTksPWGx+a5FRmMi078A1p+uQhRz07VSkRffxdfIVjw=="
    }
  }
}
